github.com/SMerrony/tello v0.9.3 h1:t3qN9yGczsFyTtAnrmDGp2WPvHI/M9qSGb5HuZ09lCw=
github.com/SMerrony/tello v0.9.3/go.mod h1:uY+kEB947XHJLHTq0i2eUlSGZ9ZbxAG4QfkrB1up58o=
github.com/clipperhouse/uax29/v2 v2.2.0 h1:ChwIKnQN3kcZteTXMgb1wztSgaU+ZemkgWdohwgs8tY=
github.com/clipperhouse/uax29/v2 v2.2.0/go.mod h1:EFJ2TJMRUaplDxHKj1qAEhCtQPW2tJSwu5BF98AuoVM=
github.com/mattn/go-runewidth v0.0.9/go.mod h1:H031xJmbD/WCDINGzjvQ9THkh0rPKHF+m2gUSrubnMI=
github.com/mattn/go-runewidth v0.0.19 h1:v++JhqYnZuu5jSKrk9RbgF5v4CGUjqRfBm05byFGLdw=
github.com/mattn/go-runewidth v0.0.19/go.mod h1:XBkDxAl56ILZc9knddidhrOlY5R/pDhgLpndooCuJAs=
github.com/nsf/termbox-go v1.1.1 h1:nksUPLCb73Q++DwbYUBEglYBRPZyoXJdrj5L+TkjyZY=
github.com/nsf/termbox-go v1.1.1/go.mod h1:T0cTdVuOwf7pHQNtfhnEbzHbcNyCEcVU4YPpouCbVxo=
github.com/simulatedsimian/joystick v1.0.1 h1:bZYHP+qaEmx0oc6oFIYQCt+rYL46G6rZRke+bipEEpY=
github.com/simulatedsimian/joystick v1.0.1/go.mod h1:V+4pJKB2SmVXfp8w7EW5RR9InUXO5M/WhVEHwosjujA=
golang.org/x/sys v0.39.0 h1:CvCKL8MeisomCi6qNZ+wbb0DN9E5AATixKsvNtMoMFk=
golang.org/x/sys v0.39.0/go.mod h1:OgkHotnGiDImocRcuBABYBEXf8A9a87e/uXjp9XT3ks=
